// !$*UTF8*$!
{
	archiveVersion = 1;
	classes = {
	};
	objectVersion = 50;
	objects = {

/* Begin PBXBuildFile section */
		E990474D269C4F2C00E9AA3B /* AppDelegate.swift in Sources */ = {isa = PBXBuildFile; fileRef = E990474C269C4F2C00E9AA3B /* AppDelegate.swift */; };
		E990474F269C4F2C00E9AA3B /* SceneDelegate.swift in Sources */ = {isa = PBXBuildFile; fileRef = E990474E269C4F2C00E9AA3B /* SceneDelegate.swift */; };
		E9904751269C4F2C00E9AA3B /* ViewController.swift in Sources */ = {isa = PBXBuildFile; fileRef = E9904750269C4F2C00E9AA3B /* ViewController.swift */; };
		E9904754269C4F2C00E9AA3B /* Main.storyboard in Resources */ = {isa = PBXBuildFile; fileRef = E9904752269C4F2C00E9AA3B /* Main.storyboard */; };
		E9904756269C4F2E00E9AA3B /* Assets.xcassets in Resources */ = {isa = PBXBuildFile; fileRef = E9904755269C4F2E00E9AA3B /* Assets.xcassets */; };
		E9904759269C4F2E00E9AA3B /* LaunchScreen.storyboard in Resources */ = {isa = PBXBuildFile; fileRef = E9904757269C4F2E00E9AA3B /* LaunchScreen.storyboard */; };
		E9904761269C632A00E9AA3B /* Capital.swift in Sources */ = {isa = PBXBuildFile; fileRef = E9904760269C632A00E9AA3B /* Capital.swift */; };
		E99CE8C7269C95D8005C267E /* WebViewController.swift in Sources */ = {isa = PBXBuildFile; fileRef = E99CE8C6269C95D8005C267E /* WebViewController.swift */; };
/* End PBXBuildFile section */

/* Begin PBXFileReference section */
		E9904749269C4F2C00E9AA3B /* Project 16.app */ = {isa = PBXFileReference; explicitFileType = wrapper.application; includeInIndex = 0; path = "Project 16.app"; sourceTree = BUILT_PRODUCTS_DIR; };
		E990474C269C4F2C00E9AA3B /* AppDelegate.swift */ = {isa = PBXFileReference; lastKnownFileType = sourcecode.swift; path = AppDelegate.swift; sourceTree = "<group>"; };
		E990474E269C4F2C00E9AA3B /* SceneDelegate.swift */ = {isa = PBXFileReference; lastKnownFileType = sourcecode.swift; path = SceneDelegate.swift; sourceTree = "<group>"; };
		E9904750269C4F2C00E9AA3B /* ViewController.swift */ = {isa = PBXFileReference; lastKnownFileType = sourcecode.swift; path = ViewController.swift; sourceTree = "<group>"; };
		E9904753269C4F2C00E9AA3B /* Base */ = {isa = PBXFileReference; lastKnownFileType = file.storyboard; name = Base; path = Base.lproj/Main.storyboard; sourceTree = "<group>"; };
		E9904755269C4F2E00E9AA3B /* Assets.xcassets */ = {isa = PBXFileReference; lastKnownFileType = folder.assetcatalog; path = Assets.xcassets; sourceTree = "<group>"; };
		E9904758269C4F2E00E9AA3B /* Base */ = {isa = PBXFileReference; lastKnownFileType = file.storyboard; name = Base; path = Base.lproj/LaunchScreen.storyboard; sourceTree = "<group>"; };
		E990475A269C4F2E00E9AA3B /* Info.plist */ = {isa = PBXFileReference; lastKnownFileType = text.plist.xml; path = Info.plist; sourceTree = "<group>"; };
		E9904760269C632A00E9AA3B /* Capital.swift */ = {isa = PBXFileReference; lastKnownFileType = sourcecode.swift; path = Capital.swift; sourceTree = "<group>"; };
		E99CE8C6269C95D8005C267E /* WebViewController.swift */ = {isa = PBXFileReference; lastKnownFileType = sourcecode.swift; path = WebViewController.swift; sourceTree = "<group>"; };
/* End PBXFileReference section */

/* Begin PBXFrameworksBuildPhase section */
		E9904746269C4F2C00E9AA3B /* Frameworks */ = {
			isa = PBXFrameworksBuildPhase;
			buildActionMask = 2147483647;
			files = (
			);
			runOnlyForDeploymentPostprocessing = 0;
		};
/* End PBXFrameworksBuildPhase section */

/* Begin PBXGroup section */
		E9904740269C4F2C00E9AA3B = {
			isa = PBXGroup;
			children = (
				E990474B269C4F2C00E9AA3B /* Project 16 */,
				E990474A269C4F2C00E9AA3B /* Products */,
			);
			sourceTree = "<group>";
		};
		E990474A269C4F2C00E9AA3B /* Products */ = {
			isa = PBXGroup;
			children = (
				E9904749269C4F2C00E9AA3B /* Project 16.app */,
			);
			name = Products;
			sourceTree = "<group>";
		};
		E990474B269C4F2C00E9AA3B /* Project 16 */ = {
			isa = PBXGroup;
			children = (
				E990474C269C4F2C00E9AA3B /* AppDelegate.swift */,
				E990474E269C4F2C00E9AA3B /* SceneDelegate.swift */,
				E9904750269C4F2C00E9AA3B /* ViewController.swift */,
				E99CE8C6269C95D8005C267E /* WebViewController.swift */,
				E9904760269C632A00E9AA3B /* Capital.swift */,
				E9904752269C4F2C00E9AA3B /* Main.storyboard */,
				E9904755269C4F2E00E9AA3B /* Assets.xcassets */,
				E9904757269C4F2E00E9AA3B /* LaunchScreen.storyboard */,
				E990475A269C4F2E00E9AA3B /* Info.plist */,
			);
			path = "Project 16";
			sourceTree = "<group>";
		};
/* End PBXGroup section */

/* Begin PBXNativeTarget section */
		E9904748269C4F2C00E9AA3B /* Project 16 */ = {
			isa = PBXNativeTarget;
			buildConfigurationList = E990475D269C4F2E00E9AA3B /* Build configuration list for PBXNativeTarget "Project 16" */;
			buildPhases = (
				E9904745269C4F2C00E9AA3B /* Sources */,
				E9904746269C4F2C00E9AA3B /* Frameworks */,
				E9904747269C4F2C00E9AA3B /* Resources */,
			);
			buildRules = (
			);
			dependencies = (
			);
			name = "Project 16";
			productName = "Project 16";
			productReference = E9904749269C4F2C00E9AA3B /* Project 16.app */;
			productType = "com.apple.product-type.application";
		};
/* End PBXNativeTarget section */

/* Begin PBXProject section */
		E9904741269C4F2C00E9AA3B /* Project object */ = {
			isa = PBXProject;
			attributes = {
				LastSwiftUpdateCheck = 1250;
				LastUpgradeCheck = 1250;
				TargetAttributes = {
					E9904748269C4F2C00E9AA3B = {
						CreatedOnToolsVersion = 12.5.1;
					};
				};
			};
			buildConfigurationList = E9904744269C4F2C00E9AA3B /* Build configuration list for PBXProject "Project 16" */;
			compatibilityVersion = "Xcode 9.3";
			developmentRegion = en;
			hasScannedForEncodings = 0;
			knownRegions = (
				en,
				Base,
			);
			mainGroup = E9904740269C4F2C00E9AA3B;
			productRefGroup = E990474A269C4F2C00E9AA3B /* Products */;
			projectDirPath = "";
			projectRoot = "";
			targets = (
				E9904748269C4F2C00E9AA3B /* Project 16 */,
			);
		};
/* End PBXProject section */

/* Begin PBXResourcesBuildPhase section */
		E9904747269C4F2C00E9AA3B /* Resources */ = {
			isa = PBXResourcesBuildPhase;
			buildActionMask = 2147483647;
			files = (
				E9904759269C4F2E00E9AA3B /* LaunchScreen.storyboard in Resources */,
				E9904756269C4F2E00E9AA3B /* Assets.xcassets in Resources */,
				E9904754269C4F2C00E9AA3B /* Main.storyboard in Resources */,
			);
			runOnlyForDeploymentPostprocessing = 0;
		};
/* End PBXResourcesBuildPhase section */

/* Begin PBXSourcesBuildPhase section */
		E9904745269C4F2C00E9AA3B /* Sources */ = {
			isa = PBXSourcesBuildPhase;
			buildActionMask = 2147483647;
			files = (
				E9904751269C4F2C00E9AA3B /* ViewController.swift in Sources */,
				E990474D269C4F2C00E9AA3B /* AppDelegate.swift in Sources */,
				E9904761269C632A00E9AA3B /* Capital.swift in Sources */,
				E99CE8C7269C95D8005C267E /* WebViewController.swift in Sources */,
				E990474F269C4F2C00E9AA3B /* SceneDelegate.swift in Sources */,
			);
			runOnlyForDeploymentPostprocessing = 0;
		};
/* End PBXSourcesBuildPhase section */

/* Begin PBXVariantGroup section */
		E9904752269C4F2C00E9AA3B /* Main.storyboard */ = {
			isa = PBXVariantGroup;
			children = (
				E9904753269C4F2C00E9AA3B /* Base */,
			);
			name = Main.storyboard;
			sourceTree = "<group>";
		};
		E9904757269C4F2E00E9AA3B /* LaunchScreen.storyboard */ = {
			isa = PBXVariantGroup;
			children = (
				E9904758269C4F2E00E9AA3B /* Base */,
			);
			name = LaunchScreen.storyboard;
			sourceTree = "<group>";
		};
/* End PBXVariantGroup section */

/* Begin XCBuildConfiguration section */
		E990475B269C4F2E00E9AA3B /* Debug */ = {
			isa = XCBuildConfiguration;
			buildSettings = {
				ALWAYS_SEARCH_USER_PATHS = NO;
				CLANG_ANALYZER_NONNULL = YES;
				CLANG_ANALYZER_NUMBER_OBJECT_CONVERSION = YES_AGGRESSIVE;
				CLANG_CXX_LANGUAGE_STANDARD = "gnu++14";
				CLANG_CXX_LIBRARY = "libc++";
				CLANG_ENABLE_MODULES = YES;
				CLANG_ENABLE_OBJC_ARC = YES;
				CLANG_ENABLE_OBJC_WEAK = YES;
				CLANG_WARN_BLOCK_CAPTURE_AUTORELEASING = YES;
				CLANG_WARN_BOOL_CONVERSION = YES;
				CLANG_WARN_COMMA = YES;
				CLANG_WARN_CONSTANT_CONVERSION = YES;
				CLANG_WARN_DEPRECATED_OBJC_IMPLEMENTATIONS = YES;
				CLANG_WARN_DIRECT_OBJC_ISA_USAGE = YES_ERROR;
				CLANG_WARN_DOCUMENTATION_COMMENTS = YES;
				CLANG_WARN_EMPTY_BODY = YES;
				CLANG_WARN_ENUM_CONVERSION = YES;
				CLANG_WARN_INFINITE_RECURSION = YES;
				CLANG_WARN_INT_CONVERSION = YES;
				CLANG_WARN_NON_LITERAL_NULL_CONVERSION = YES;
				CLANG_WARN_OBJC_IMPLICIT_RETAIN_SELF = YES;
				CLANG_WARN_OBJC_LITERAL_CONVERSION = YES;
				CLANG_WARN_OBJC_ROOT_CLASS = YES_ERROR;
				CLANG_WARN_QUOTED_INCLUDE_IN_FRAMEWORK_HEADER = YES;
				CLANG_WARN_RANGE_LOOP_ANALYSIS = YES;
				CLANG_WARN_STRICT_PROTOTYPES = YES;
				CLANG_WARN_SUSPICIOUS_MOVE = YES;
				CLANG_WARN_UNGUARDED_AVAILABILITY = YES_AGGRESSIVE;
				CLANG_WARN_UNREACHABLE_CODE = YES;
				CLANG_WARN__DUPLICATE_METHOD_MATCH = YES;
				COPY_PHASE_STRIP = NO;
				DEBUG_INFORMATION_FORMAT = dwarf;
				ENABLE_STRICT_OBJC_MSGSEND = YES;
				ENABLE_TESTABILITY = YES;
				GCC_C_LANGUAGE_STANDARD = gnu11;
				GCC_DYNAMIC_NO_PIC = NO;
				GCC_NO_COMMON_BLOCKS = YES;
				GCC_OPTIMIZATION_LEVEL = 0;
				GCC_PREPROCESSOR_DEFINITIONS = (
					"DEBUG=1",
					"$(inherited)",
				);
				GCC_WARN_64_TO_32_BIT_CONVERSION = YES;
				GCC_WARN_ABOUT_RETURN_TYPE = YES_ERROR;
				GCC_WARN_UNDECLARED_SELECTOR = YES;
				GCC_WARN_UNINITIALIZED_AUTOS = YES_AGGRESSIVE;
				GCC_WARN_UNUSED_FUNCTION = YES;
				GCC_WARN_UNUSED_VARIABLE = YES;
				IPHONEOS_DEPLOYMENT_TARGET = 14.5;
				MTL_ENABLE_DEBUG_INFO = INCLUDE_SOURCE;
				MTL_FAST_MATH = YES;
				ONLY_ACTIVE_ARCH = YES;
				SDKROOT = iphoneos;
				SWIFT_ACTIVE_COMPILATION_CONDITIONS = DEBUG;
				SWIFT_OPTIMIZATION_LEVEL = "-Onone";
			};
			name = Debug;
		};
		E990475C269C4F2E00E9AA3B /* Release */ = {
			isa = XCBuildConfiguration;
			buildSettings = {
				ALWAYS_SEARCH_USER_PATHS = NO;
				CLANG_ANALYZER_NONNULL = YES;
				CLANG_ANALYZER_NUMBER_OBJECT_CONVERSION = YES_AGGRESSIVE;
				CLANG_CXX_LANGUAGE_STANDARD = "gnu++14";
				CLANG_CXX_LIBRARY = "libc++";
				CLANG_ENABLE_MODULES = YES;
				CLANG_ENABLE_OBJC_ARC = YES;
				CLANG_ENABLE_OBJC_WEAK = YES;
				CLANG_WARN_BLOCK_CAPTURE_AUTORELEASING = YES;
				CLANG_WARN_BOOL_CONVERSION = YES;
				CLANG_WARN_COMMA = YES;
				CLANG_WARN_CONSTANT_CONVERSION = YES;
				CLANG_WARN_DEPRECATED_OBJC_IMPLEMENTATIONS = YES;
				CLANG_WARN_DIRECT_OBJC_ISA_USAGE = YES_ERROR;
				CLANG_WARN_DOCUMENTATION_COMMENTS = YES;
				CLANG_WARN_EMPTY_BODY = YES;
				CLANG_WARN_ENUM_CONVERSION = YES;
				CLANG_WARN_INFINITE_RECURSION = YES;
				CLANG_WARN_INT_CONVERSION = YES;
				CLANG_WARN_NON_LITERAL_NULL_CONVERSION = YES;
				CLANG_WARN_OBJC_IMPLICIT_RETAIN_SELF = YES;
				CLANG_WARN_OBJC_LITERAL_CONVERSION = YES;
				CLANG_WARN_OBJC_ROOT_CLASS = YES_ERROR;
				CLANG_WARN_QUOTED_INCLUDE_IN_FRAMEWORK_HEADER = YES;
				CLANG_WARN_RANGE_LOOP_ANALYSIS = YES;
				CLANG_WARN_STRICT_PROTOTYPES = YES;
				CLANG_WARN_SUSPICIOUS_MOVE = YES;
				CLANG_WARN_UNGUARDED_AVAILABILITY = YES_AGGRESSIVE;
				CLANG_WARN_UNREACHABLE_CODE = YES;
				CLANG_WARN__DUPLICATE_METHOD_MATCH = YES;
				COPY_PHASE_STRIP = NO;
				DEBUG_INFORMATION_FORMAT = "dwarf-with-dsym";
				ENABLE_NS_ASSERTIONS = NO;
				ENABLE_STRICT_OBJC_MSGSEND = YES;
				GCC_C_LANGUAGE_STANDARD = gnu11;
				GCC_NO_COMMON_BLOCKS = YES;
				GCC_WARN_64_TO_32_BIT_CONVERSION = YES;
				GCC_WARN_ABOUT_RETURN_TYPE = YES_ERROR;
				GCC_WARN_UNDECLARED_SELECTOR = YES;
				GCC_WARN_UNINITIALIZED_AUTOS = YES_AGGRESSIVE;
				GCC_WARN_UNUSED_FUNCTION = YES;
				GCC_WARN_UNUSED_VARIABLE = YES;
				IPHONEOS_DEPLOYMENT_TARGET = 14.5;
				MTL_ENABLE_DEBUG_INFO = NO;
				MTL_FAST_MATH = YES;
				SDKROOT = iphoneos;
				SWIFT_COMPILATION_MODE = wholemodule;
				SWIFT_OPTIMIZATION_LEVEL = "-O";
				VALIDATE_PRODUCT = YES;
			};
			name = Release;
		};
		E990475E269C4F2E00E9AA3B /* Debug */ = {
			isa = XCBuildConfiguration;
			buildSettings = {
				ASSETCATALOG_COMPILER_APPICON_NAME = AppIcon;
				ASSETCATALOG_COMPILER_GLOBAL_ACCENT_COLOR_NAME = AccentColor;
				CODE_SIGN_STYLE = Automatic;
				DEVELOPMENT_TEAM = V55R9QXR75;
				INFOPLIST_FILE = "Project 16/Info.plist";
				LD_RUNPATH_SEARCH_PATHS = (
					"$(inherited)",
					"@executable_path/Frameworks",
				);
				PRODUCT_BUNDLE_IDENTIFIER = "MCDMX.Project-16";
				PRODUCT_NAME = "$(TARGET_NAME)";
				SWIFT_VERSION = 5.0;
				TARGETED_DEVICE_FAMILY = "1,2";
			};
			name = Debug;
		};
		E990475F269C4F2E00E9AA3B /* Release */ = {
			isa = XCBuildConfiguration;
			buildSettings = {
				ASSETCATALOG_COMPILER_APPICON_NAME = AppIcon;
				ASSETCATALOG_COMPILER_GLOBAL_ACCENT_COLOR_NAME = AccentColor;
				CODE_SIGN_STYLE = Automatic;
				DEVELOPMENT_TEAM = V55R9QXR75;
				INFOPLIST_FILE = "Project 16/Info.plist";
				LD_RUNPATH_SEARCH_PATHS = (
					"$(inherited)",
					"@executable_path/Frameworks",
				);
				PRODUCT_BUNDLE_IDENTIFIER = "MCDMX.Project-16";
				PRODUCT_NAME = "$(TARGET_NAME)";
				SWIFT_VERSION = 5.0;
				TARGETED_DEVICE_FAMILY = "1,2";
			};
			name = Release;
		};
/* End XCBuildConfiguration section */

/* Begin XCConfigurationList section */
		E9904744269C4F2C00E9AA3B /* Build configuration list for PBXProject "Project 16" */ = {
			isa = XCConfigurationList;
			buildConfigurations = (
				E990475B269C4F2E00E9AA3B /* Debug */,
				E990475C269C4F2E00E9AA3B /* Release */,
			);
			defaultConfigurationIsVisible = 0;
			defaultConfigurationName = Release;
		};
		E990475D269C4F2E00E9AA3B /* Build configuration list for PBXNativeTarget "Project 16" */ = {
			isa = XCConfigurationList;
			buildConfigurations = (
				E990475E269C4F2E00E9AA3B /* Debug */,
				E990475F269C4F2E00E9AA3B /* Release */,
			);
			defaultConfigurationIsVisible = 0;
			defaultConfigurationName = Release;
		};
/* End XCConfigurationList section */
	};
	rootObject = E9904741269C4F2C00E9AA3B /* Project object */;
}
