// !$*UTF8*$!
{
	archiveVersion = 1;
	classes = {
	};
	objectVersion = 50;
	objects = {

/* Begin PBXBuildFile section */
		6CD12BF425FFD5480008A32A /* AppDelegate.swift in Sources */ = {isa = PBXBuildFile; fileRef = 6CD12BF325FFD5480008A32A /* AppDelegate.swift */; };
		6CD12BF625FFD5480008A32A /* SceneDelegate.swift in Sources */ = {isa = PBXBuildFile; fileRef = 6CD12BF525FFD5480008A32A /* SceneDelegate.swift */; };
		6CD12BF825FFD5480008A32A /* ViewController.swift in Sources */ = {isa = PBXBuildFile; fileRef = 6CD12BF725FFD5480008A32A /* ViewController.swift */; };
		6CD12BFB25FFD5480008A32A /* Main.storyboard in Resources */ = {isa = PBXBuildFile; fileRef = 6CD12BF925FFD5480008A32A /* Main.storyboard */; };
		6CD12BFD25FFD5490008A32A /* Assets.xcassets in Resources */ = {isa = PBXBuildFile; fileRef = 6CD12BFC25FFD5490008A32A /* Assets.xcassets */; };
		6CD12C0025FFD5490008A32A /* LaunchScreen.storyboard in Resources */ = {isa = PBXBuildFile; fileRef = 6CD12BFE25FFD5490008A32A /* LaunchScreen.storyboard */; };
		6CD12C082600E4260008A32A /* start.txt in Resources */ = {isa = PBXBuildFile; fileRef = 6CD12C072600E4250008A32A /* start.txt */; };
/* End PBXBuildFile section */

/* Begin PBXFileReference section */
		6CD12BF025FFD5480008A32A /* project 5.app */ = {isa = PBXFileReference; explicitFileType = wrapper.application; includeInIndex = 0; path = "project 5.app"; sourceTree = BUILT_PRODUCTS_DIR; };
		6CD12BF325FFD5480008A32A /* AppDelegate.swift */ = {isa = PBXFileReference; lastKnownFileType = sourcecode.swift; path = AppDelegate.swift; sourceTree = "<group>"; };
		6CD12BF525FFD5480008A32A /* SceneDelegate.swift */ = {isa = PBXFileReference; lastKnownFileType = sourcecode.swift; path = SceneDelegate.swift; sourceTree = "<group>"; };
		6CD12BF725FFD5480008A32A /* ViewController.swift */ = {isa = PBXFileReference; lastKnownFileType = sourcecode.swift; path = ViewController.swift; sourceTree = "<group>"; };
		6CD12BFA25FFD5480008A32A /* Base */ = {isa = PBXFileReference; lastKnownFileType = file.storyboard; name = Base; path = Base.lproj/Main.storyboard; sourceTree = "<group>"; };
		6CD12BFC25FFD5490008A32A /* Assets.xcassets */ = {isa = PBXFileReference; lastKnownFileType = folder.assetcatalog; path = Assets.xcassets; sourceTree = "<group>"; };
		6CD12BFF25FFD5490008A32A /* Base */ = {isa = PBXFileReference; lastKnownFileType = file.storyboard; name = Base; path = Base.lproj/LaunchScreen.storyboard; sourceTree = "<group>"; };
		6CD12C0125FFD5490008A32A /* Info.plist */ = {isa = PBXFileReference; lastKnownFileType = text.plist.xml; path = Info.plist; sourceTree = "<group>"; };
		6CD12C072600E4250008A32A /* start.txt */ = {isa = PBXFileReference; fileEncoding = 4; lastKnownFileType = text; path = start.txt; sourceTree = "<group>"; };
/* End PBXFileReference section */

/* Begin PBXFrameworksBuildPhase section */
		6CD12BED25FFD5480008A32A /* Frameworks */ = {
			isa = PBXFrameworksBuildPhase;
			buildActionMask = 2147483647;
			files = (
			);
			runOnlyForDeploymentPostprocessing = 0;
		};
/* End PBXFrameworksBuildPhase section */

/* Begin PBXGroup section */
		6CD12BE725FFD5480008A32A = {
			isa = PBXGroup;
			children = (
				6CD12BF225FFD5480008A32A /* project 5 */,
				6CD12BF125FFD5480008A32A /* Products */,
			);
			sourceTree = "<group>";
		};
		6CD12BF125FFD5480008A32A /* Products */ = {
			isa = PBXGroup;
			children = (
				6CD12BF025FFD5480008A32A /* project 5.app */,
			);
			name = Products;
			sourceTree = "<group>";
		};
		6CD12BF225FFD5480008A32A /* project 5 */ = {
			isa = PBXGroup;
			children = (
				6CD12BF325FFD5480008A32A /* AppDelegate.swift */,
				6CD12BF525FFD5480008A32A /* SceneDelegate.swift */,
				6CD12BF725FFD5480008A32A /* ViewController.swift */,
				6CD12BF925FFD5480008A32A /* Main.storyboard */,
				6CD12BFC25FFD5490008A32A /* Assets.xcassets */,
				6CD12BFE25FFD5490008A32A /* LaunchScreen.storyboard */,
				6CD12C0125FFD5490008A32A /* Info.plist */,
				6CD12C072600E4250008A32A /* start.txt */,
			);
			path = "project 5";
			sourceTree = "<group>";
		};
/* End PBXGroup section */

/* Begin PBXNativeTarget section */
		6CD12BEF25FFD5480008A32A /* project 5 */ = {
			isa = PBXNativeTarget;
			buildConfigurationList = 6CD12C0425FFD5490008A32A /* Build configuration list for PBXNativeTarget "project 5" */;
			buildPhases = (
				6CD12BEC25FFD5480008A32A /* Sources */,
				6CD12BED25FFD5480008A32A /* Frameworks */,
				6CD12BEE25FFD5480008A32A /* Resources */,
			);
			buildRules = (
			);
			dependencies = (
			);
			name = "project 5";
			productName = "project 5";
			productReference = 6CD12BF025FFD5480008A32A /* project 5.app */;
			productType = "com.apple.product-type.application";
		};
/* End PBXNativeTarget section */

/* Begin PBXProject section */
		6CD12BE825FFD5480008A32A /* Project object */ = {
			isa = PBXProject;
			attributes = {
				LastSwiftUpdateCheck = 1160;
				LastUpgradeCheck = 1160;
				ORGANIZATIONNAME = "Павел";
				TargetAttributes = {
					6CD12BEF25FFD5480008A32A = {
						CreatedOnToolsVersion = 11.6;
					};
				};
			};
			buildConfigurationList = 6CD12BEB25FFD5480008A32A /* Build configuration list for PBXProject "project 5" */;
			compatibilityVersion = "Xcode 9.3";
			developmentRegion = en;
			hasScannedForEncodings = 0;
			knownRegions = (
				en,
				Base,
			);
			mainGroup = 6CD12BE725FFD5480008A32A;
			productRefGroup = 6CD12BF125FFD5480008A32A /* Products */;
			projectDirPath = "";
			projectRoot = "";
			targets = (
				6CD12BEF25FFD5480008A32A /* project 5 */,
			);
		};
/* End PBXProject section */

/* Begin PBXResourcesBuildPhase section */
		6CD12BEE25FFD5480008A32A /* Resources */ = {
			isa = PBXResourcesBuildPhase;
			buildActionMask = 2147483647;
			files = (
				6CD12C0025FFD5490008A32A /* LaunchScreen.storyboard in Resources */,
				6CD12C082600E4260008A32A /* start.txt in Resources */,
				6CD12BFD25FFD5490008A32A /* Assets.xcassets in Resources */,
				6CD12BFB25FFD5480008A32A /* Main.storyboard in Resources */,
			);
			runOnlyForDeploymentPostprocessing = 0;
		};
/* End PBXResourcesBuildPhase section */

/* Begin PBXSourcesBuildPhase section */
		6CD12BEC25FFD5480008A32A /* Sources */ = {
			isa = PBXSourcesBuildPhase;
			buildActionMask = 2147483647;
			files = (
				6CD12BF825FFD5480008A32A /* ViewController.swift in Sources */,
				6CD12BF425FFD5480008A32A /* AppDelegate.swift in Sources */,
				6CD12BF625FFD5480008A32A /* SceneDelegate.swift in Sources */,
			);
			runOnlyForDeploymentPostprocessing = 0;
		};
/* End PBXSourcesBuildPhase section */

/* Begin PBXVariantGroup section */
		6CD12BF925FFD5480008A32A /* Main.storyboard */ = {
			isa = PBXVariantGroup;
			children = (
				6CD12BFA25FFD5480008A32A /* Base */,
			);
			name = Main.storyboard;
			sourceTree = "<group>";
		};
		6CD12BFE25FFD5490008A32A /* LaunchScreen.storyboard */ = {
			isa = PBXVariantGroup;
			children = (
				6CD12BFF25FFD5490008A32A /* Base */,
			);
			name = LaunchScreen.storyboard;
			sourceTree = "<group>";
		};
/* End PBXVariantGroup section */

/* Begin XCBuildConfiguration section */
		6CD12C0225FFD5490008A32A /* Debug */ = {
			isa = XCBuildConfiguration;
			buildSettings = {
				ALWAYS_SEARCH_USER_PATHS = NO;
				CLANG_ANALYZER_NONNULL = YES;
				CLANG_ANALYZER_NUMBER_OBJECT_CONVERSION = YES_AGGRESSIVE;
				CLANG_CXX_LANGUAGE_STANDARD = "gnu++14";
				CLANG_CXX_LIBRARY = "libc++";
				CLANG_ENABLE_MODULES = YES;
				CLANG_ENABLE_OBJC_ARC = YES;
				CLANG_ENABLE_OBJC_WEAK = YES;
				CLANG_WARN_BLOCK_CAPTURE_AUTORELEASING = YES;
				CLANG_WARN_BOOL_CONVERSION = YES;
				CLANG_WARN_COMMA = YES;
				CLANG_WARN_CONSTANT_CONVERSION = YES;
				CLANG_WARN_DEPRECATED_OBJC_IMPLEMENTATIONS = YES;
				CLANG_WARN_DIRECT_OBJC_ISA_USAGE = YES_ERROR;
				CLANG_WARN_DOCUMENTATION_COMMENTS = YES;
				CLANG_WARN_EMPTY_BODY = YES;
				CLANG_WARN_ENUM_CONVERSION = YES;
				CLANG_WARN_INFINITE_RECURSION = YES;
				CLANG_WARN_INT_CONVERSION = YES;
				CLANG_WARN_NON_LITERAL_NULL_CONVERSION = YES;
				CLANG_WARN_OBJC_IMPLICIT_RETAIN_SELF = YES;
				CLANG_WARN_OBJC_LITERAL_CONVERSION = YES;
				CLANG_WARN_OBJC_ROOT_CLASS = YES_ERROR;
				CLANG_WARN_RANGE_LOOP_ANALYSIS = YES;
				CLANG_WARN_STRICT_PROTOTYPES = YES;
				CLANG_WARN_SUSPICIOUS_MOVE = YES;
				CLANG_WARN_UNGUARDED_AVAILABILITY = YES_AGGRESSIVE;
				CLANG_WARN_UNREACHABLE_CODE = YES;
				CLANG_WARN__DUPLICATE_METHOD_MATCH = YES;
				COPY_PHASE_STRIP = NO;
				DEBUG_INFORMATION_FORMAT = dwarf;
				ENABLE_STRICT_OBJC_MSGSEND = YES;
				ENABLE_TESTABILITY = YES;
				GCC_C_LANGUAGE_STANDARD = gnu11;
				GCC_DYNAMIC_NO_PIC = NO;
				GCC_NO_COMMON_BLOCKS = YES;
				GCC_OPTIMIZATION_LEVEL = 0;
				GCC_PREPROCESSOR_DEFINITIONS = (
					"DEBUG=1",
					"$(inherited)",
				);
				GCC_WARN_64_TO_32_BIT_CONVERSION = YES;
				GCC_WARN_ABOUT_RETURN_TYPE = YES_ERROR;
				GCC_WARN_UNDECLARED_SELECTOR = YES;
				GCC_WARN_UNINITIALIZED_AUTOS = YES_AGGRESSIVE;
				GCC_WARN_UNUSED_FUNCTION = YES;
				GCC_WARN_UNUSED_VARIABLE = YES;
				IPHONEOS_DEPLOYMENT_TARGET = 13.6;
				MTL_ENABLE_DEBUG_INFO = INCLUDE_SOURCE;
				MTL_FAST_MATH = YES;
				ONLY_ACTIVE_ARCH = YES;
				SDKROOT = iphoneos;
				SWIFT_ACTIVE_COMPILATION_CONDITIONS = DEBUG;
				SWIFT_OPTIMIZATION_LEVEL = "-Onone";
			};
			name = Debug;
		};
		6CD12C0325FFD5490008A32A /* Release */ = {
			isa = XCBuildConfiguration;
			buildSettings = {
				ALWAYS_SEARCH_USER_PATHS = NO;
				CLANG_ANALYZER_NONNULL = YES;
				CLANG_ANALYZER_NUMBER_OBJECT_CONVERSION = YES_AGGRESSIVE;
				CLANG_CXX_LANGUAGE_STANDARD = "gnu++14";
				CLANG_CXX_LIBRARY = "libc++";
				CLANG_ENABLE_MODULES = YES;
				CLANG_ENABLE_OBJC_ARC = YES;
				CLANG_ENABLE_OBJC_WEAK = YES;
				CLANG_WARN_BLOCK_CAPTURE_AUTORELEASING = YES;
				CLANG_WARN_BOOL_CONVERSION = YES;
				CLANG_WARN_COMMA = YES;
				CLANG_WARN_CONSTANT_CONVERSION = YES;
				CLANG_WARN_DEPRECATED_OBJC_IMPLEMENTATIONS = YES;
				CLANG_WARN_DIRECT_OBJC_ISA_USAGE = YES_ERROR;
				CLANG_WARN_DOCUMENTATION_COMMENTS = YES;
				CLANG_WARN_EMPTY_BODY = YES;
				CLANG_WARN_ENUM_CONVERSION = YES;
				CLANG_WARN_INFINITE_RECURSION = YES;
				CLANG_WARN_INT_CONVERSION = YES;
				CLANG_WARN_NON_LITERAL_NULL_CONVERSION = YES;
				CLANG_WARN_OBJC_IMPLICIT_RETAIN_SELF = YES;
				CLANG_WARN_OBJC_LITERAL_CONVERSION = YES;
				CLANG_WARN_OBJC_ROOT_CLASS = YES_ERROR;
				CLANG_WARN_RANGE_LOOP_ANALYSIS = YES;
				CLANG_WARN_STRICT_PROTOTYPES = YES;
				CLANG_WARN_SUSPICIOUS_MOVE = YES;
				CLANG_WARN_UNGUARDED_AVAILABILITY = YES_AGGRESSIVE;
				CLANG_WARN_UNREACHABLE_CODE = YES;
				CLANG_WARN__DUPLICATE_METHOD_MATCH = YES;
				COPY_PHASE_STRIP = NO;
				DEBUG_INFORMATION_FORMAT = "dwarf-with-dsym";
				ENABLE_NS_ASSERTIONS = NO;
				ENABLE_STRICT_OBJC_MSGSEND = YES;
				GCC_C_LANGUAGE_STANDARD = gnu11;
				GCC_NO_COMMON_BLOCKS = YES;
				GCC_WARN_64_TO_32_BIT_CONVERSION = YES;
				GCC_WARN_ABOUT_RETURN_TYPE = YES_ERROR;
				GCC_WARN_UNDECLARED_SELECTOR = YES;
				GCC_WARN_UNINITIALIZED_AUTOS = YES_AGGRESSIVE;
				GCC_WARN_UNUSED_FUNCTION = YES;
				GCC_WARN_UNUSED_VARIABLE = YES;
				IPHONEOS_DEPLOYMENT_TARGET = 13.6;
				MTL_ENABLE_DEBUG_INFO = NO;
				MTL_FAST_MATH = YES;
				SDKROOT = iphoneos;
				SWIFT_COMPILATION_MODE = wholemodule;
				SWIFT_OPTIMIZATION_LEVEL = "-O";
				VALIDATE_PRODUCT = YES;
			};
			name = Release;
		};
		6CD12C0525FFD5490008A32A /* Debug */ = {
			isa = XCBuildConfiguration;
			buildSettings = {
				ASSETCATALOG_COMPILER_APPICON_NAME = AppIcon;
				CODE_SIGN_STYLE = Automatic;
				DEVELOPMENT_TEAM = V55R9QXR75;
				INFOPLIST_FILE = "project 5/Info.plist";
				LD_RUNPATH_SEARCH_PATHS = (
					"$(inherited)",
					"@executable_path/Frameworks",
				);
				PRODUCT_BUNDLE_IDENTIFIER = "Godfather-Industries.project-5";
				PRODUCT_NAME = "$(TARGET_NAME)";
				SWIFT_VERSION = 5.0;
				TARGETED_DEVICE_FAMILY = "1,2";
			};
			name = Debug;
		};
		6CD12C0625FFD5490008A32A /* Release */ = {
			isa = XCBuildConfiguration;
			buildSettings = {
				ASSETCATALOG_COMPILER_APPICON_NAME = AppIcon;
				CODE_SIGN_STYLE = Automatic;
				DEVELOPMENT_TEAM = V55R9QXR75;
				INFOPLIST_FILE = "project 5/Info.plist";
				LD_RUNPATH_SEARCH_PATHS = (
					"$(inherited)",
					"@executable_path/Frameworks",
				);
				PRODUCT_BUNDLE_IDENTIFIER = "Godfather-Industries.project-5";
				PRODUCT_NAME = "$(TARGET_NAME)";
				SWIFT_VERSION = 5.0;
				TARGETED_DEVICE_FAMILY = "1,2";
			};
			name = Release;
		};
/* End XCBuildConfiguration section */

/* Begin XCConfigurationList section */
		6CD12BEB25FFD5480008A32A /* Build configuration list for PBXProject "project 5" */ = {
			isa = XCConfigurationList;
			buildConfigurations = (
				6CD12C0225FFD5490008A32A /* Debug */,
				6CD12C0325FFD5490008A32A /* Release */,
			);
			defaultConfigurationIsVisible = 0;
			defaultConfigurationName = Release;
		};
		6CD12C0425FFD5490008A32A /* Build configuration list for PBXNativeTarget "project 5" */ = {
			isa = XCConfigurationList;
			buildConfigurations = (
				6CD12C0525FFD5490008A32A /* Debug */,
				6CD12C0625FFD5490008A32A /* Release */,
			);
			defaultConfigurationIsVisible = 0;
			defaultConfigurationName = Release;
		};
/* End XCConfigurationList section */
	};
	rootObject = 6CD12BE825FFD5480008A32A /* Project object */;
}
